// !$*UTF8*$!
{
	archiveVersion = 1;
	classes = {
	};
	objectVersion = 46;
	objects = {

/* Begin PBXBuildFile section */
		8C3AD848B701984A80B235BA /* libPods-CostBenefit.a in Frameworks */ = {isa = PBXBuildFile; fileRef = 81B53DB601E3EFC59289E99B /* libPods-CostBenefit.a */; };
		B20F628B1AE65A6500D1478F /* smart.txt in Resources */ = {isa = PBXBuildFile; fileRef = B20F628A1AE65A6500D1478F /* smart.txt */; };
		B215CD211AE50A2100DF8CAA /* SMRStaticViewController.m in Sources */ = {isa = PBXBuildFile; fileRef = B215CD201AE50A2100DF8CAA /* SMRStaticViewController.m */; };
		B215CD251AE5366800DF8CAA /* cba.txt in Resources */ = {isa = PBXBuildFile; fileRef = B215CD241AE5366800DF8CAA /* cba.txt */; };
		B21989B31ACD83D700B91322 /* SMRCostBenefitItem+methods.m in Sources */ = {isa = PBXBuildFile; fileRef = B21989B21ACD83D700B91322 /* SMRCostBenefitItem+methods.m */; };
		B21F37A11C0433B3001179A0 /* SMREditCostBenefitItemViewController.m in Sources */ = {isa = PBXBuildFile; fileRef = B21F37A01C0433B3001179A0 /* SMREditCostBenefitItemViewController.m */; };
		B21F37A31C0433DF001179A0 /* SMREditCostBenefitItemView.xib in Resources */ = {isa = PBXBuildFile; fileRef = B21F37A21C0433DF001179A0 /* SMREditCostBenefitItemView.xib */; };
		B25355B81C25F3EB002C02FC /* SMREditCostBenefitView.xib in Resources */ = {isa = PBXBuildFile; fileRef = B25355B71C25F3EB002C02FC /* SMREditCostBenefitView.xib */; };
		B25355BB1C25F960002C02FC /* SMREditCostBenefitViewController.m in Sources */ = {isa = PBXBuildFile; fileRef = B25355BA1C25F960002C02FC /* SMREditCostBenefitViewController.m */; };
		B25355BD1C260488002C02FC /* SMRHomeView.xib in Resources */ = {isa = PBXBuildFile; fileRef = B25355BC1C260488002C02FC /* SMRHomeView.xib */; };
		B25355C01C2604A3002C02FC /* SMRHomeViewController.m in Sources */ = {isa = PBXBuildFile; fileRef = B25355BF1C2604A3002C02FC /* SMRHomeViewController.m */; };
		B25355C21C261725002C02FC /* SMRWebView.xib in Resources */ = {isa = PBXBuildFile; fileRef = B25355C11C261725002C02FC /* SMRWebView.xib */; };
		B258E4BB1C14F36D00281E81 /* SMRCostBenefitBoxTableViewCell.m in Sources */ = {isa = PBXBuildFile; fileRef = B258E4B91C14F36D00281E81 /* SMRCostBenefitBoxTableViewCell.m */; };
		B258E4BC1C14F36D00281E81 /* SMRCostBenefitBoxTableViewCell.xib in Resources */ = {isa = PBXBuildFile; fileRef = B258E4BA1C14F36D00281E81 /* SMRCostBenefitBoxTableViewCell.xib */; };
		B26BE5B21AC114C2001ABA41 /* main.m in Sources */ = {isa = PBXBuildFile; fileRef = B26BE5B11AC114C2001ABA41 /* main.m */; };
		B26BE5B51AC114C2001ABA41 /* AppDelegate.m in Sources */ = {isa = PBXBuildFile; fileRef = B26BE5B41AC114C2001ABA41 /* AppDelegate.m */; };
		B26BE5BD1AC114C2001ABA41 /* Images.xcassets in Resources */ = {isa = PBXBuildFile; fileRef = B26BE5BC1AC114C2001ABA41 /* Images.xcassets */; };
		B26BE5C01AC114C2001ABA41 /* LaunchScreen.xib in Resources */ = {isa = PBXBuildFile; fileRef = B26BE5BE1AC114C2001ABA41 /* LaunchScreen.xib */; };
		B26BE5CC1AC114C3001ABA41 /* SMARTRecoveryTests.m in Sources */ = {isa = PBXBuildFile; fileRef = B26BE5CB1AC114C3001ABA41 /* SMARTRecoveryTests.m */; };
		B26BE5D71AC121EF001ABA41 /* Model.xcdatamodeld in Sources */ = {isa = PBXBuildFile; fileRef = B26BE5D51AC121EF001ABA41 /* Model.xcdatamodeld */; };
		B2826C301AC8F88C005D14BC /* SMRCoreDataStack.m in Sources */ = {isa = PBXBuildFile; fileRef = B2826C2F1AC8F88C005D14BC /* SMRCoreDataStack.m */; };
		B29DB2071AE342A300C60E56 /* plus-26.png in Resources */ = {isa = PBXBuildFile; fileRef = B29DB2061AE342A300C60E56 /* plus-26.png */; };
		B2A2C38B1C013F210070CFCE /* SMRCostBenefitViewController.m in Sources */ = {isa = PBXBuildFile; fileRef = B2A2C38A1C013F210070CFCE /* SMRCostBenefitViewController.m */; };
		B2A2C38F1C014C980070CFCE /* SMRCostBenefitBoxViewController.m in Sources */ = {isa = PBXBuildFile; fileRef = B2A2C38D1C014C980070CFCE /* SMRCostBenefitBoxViewController.m */; };
		B2A2C3901C014C980070CFCE /* SMRCostBenefitBoxView.xib in Resources */ = {isa = PBXBuildFile; fileRef = B2A2C38E1C014C980070CFCE /* SMRCostBenefitBoxView.xib */; };
		B2A54C951AC9714F00DD320D /* SMRCostBenefit.m in Sources */ = {isa = PBXBuildFile; fileRef = B2A54C941AC9714F00DD320D /* SMRCostBenefit.m */; };
		B2A54C981AC9715000DD320D /* SMRCostBenefitItem.m in Sources */ = {isa = PBXBuildFile; fileRef = B2A54C971AC9715000DD320D /* SMRCostBenefitItem.m */; };
		B2A54C9B1AC9721500DD320D /* SMRCostBenefit+methods.m in Sources */ = {isa = PBXBuildFile; fileRef = B2A54C9A1AC9721500DD320D /* SMRCostBenefit+methods.m */; };
		B2F340F81AD5927A00600623 /* logo.jpeg in Resources */ = {isa = PBXBuildFile; fileRef = B2F340F71AD5927A00600623 /* logo.jpeg */; };
/* End PBXBuildFile section */

/* Begin PBXContainerItemProxy section */
		B26BE5C61AC114C3001ABA41 /* PBXContainerItemProxy */ = {
			isa = PBXContainerItemProxy;
			containerPortal = B26BE5A41AC114C2001ABA41 /* Project object */;
			proxyType = 1;
			remoteGlobalIDString = B26BE5AB1AC114C2001ABA41;
			remoteInfo = CostBenefit;
		};
/* End PBXContainerItemProxy section */

/* Begin PBXFileReference section */
		2DAC313174CD7F2645247608 /* Pods-CostBenefit.debug.xcconfig */ = {isa = PBXFileReference; includeInIndex = 1; lastKnownFileType = text.xcconfig; name = "Pods-CostBenefit.debug.xcconfig"; path = "Pods/Target Support Files/Pods-CostBenefit/Pods-CostBenefit.debug.xcconfig"; sourceTree = "<group>"; };
		81B53DB601E3EFC59289E99B /* libPods-CostBenefit.a */ = {isa = PBXFileReference; explicitFileType = archive.ar; includeInIndex = 0; path = "libPods-CostBenefit.a"; sourceTree = BUILT_PRODUCTS_DIR; };
		B20F628A1AE65A6500D1478F /* smart.txt */ = {isa = PBXFileReference; fileEncoding = 4; lastKnownFileType = text; path = smart.txt; sourceTree = "<group>"; };
		B215CD1F1AE50A2100DF8CAA /* SMRStaticViewController.h */ = {isa = PBXFileReference; fileEncoding = 4; lastKnownFileType = sourcecode.c.h; path = SMRStaticViewController.h; sourceTree = "<group>"; };
		B215CD201AE50A2100DF8CAA /* SMRStaticViewController.m */ = {isa = PBXFileReference; fileEncoding = 4; lastKnownFileType = sourcecode.c.objc; path = SMRStaticViewController.m; sourceTree = "<group>"; };
		B215CD241AE5366800DF8CAA /* cba.txt */ = {isa = PBXFileReference; fileEncoding = 4; lastKnownFileType = text; path = cba.txt; sourceTree = "<group>"; };
		B21989B11ACD83D700B91322 /* SMRCostBenefitItem+methods.h */ = {isa = PBXFileReference; fileEncoding = 4; lastKnownFileType = sourcecode.c.h; path = "SMRCostBenefitItem+methods.h"; sourceTree = "<group>"; };
		B21989B21ACD83D700B91322 /* SMRCostBenefitItem+methods.m */ = {isa = PBXFileReference; fileEncoding = 4; lastKnownFileType = sourcecode.c.objc; path = "SMRCostBenefitItem+methods.m"; sourceTree = "<group>"; };
		B21F379F1C0433B3001179A0 /* SMREditCostBenefitItemViewController.h */ = {isa = PBXFileReference; fileEncoding = 4; lastKnownFileType = sourcecode.c.h; name = SMREditCostBenefitItemViewController.h; path = Controllers/SMREditCostBenefitItemViewController.h; sourceTree = "<group>"; };
		B21F37A01C0433B3001179A0 /* SMREditCostBenefitItemViewController.m */ = {isa = PBXFileReference; fileEncoding = 4; lastKnownFileType = sourcecode.c.objc; name = SMREditCostBenefitItemViewController.m; path = Controllers/SMREditCostBenefitItemViewController.m; sourceTree = "<group>"; };
		B21F37A21C0433DF001179A0 /* SMREditCostBenefitItemView.xib */ = {isa = PBXFileReference; fileEncoding = 4; lastKnownFileType = file.xib; name = SMREditCostBenefitItemView.xib; path = Views/SMREditCostBenefitItemView.xib; sourceTree = "<group>"; };
		B25355B71C25F3EB002C02FC /* SMREditCostBenefitView.xib */ = {isa = PBXFileReference; fileEncoding = 4; lastKnownFileType = file.xib; name = SMREditCostBenefitView.xib; path = Views/SMREditCostBenefitView.xib; sourceTree = "<group>"; };
		B25355B91C25F960002C02FC /* SMREditCostBenefitViewController.h */ = {isa = PBXFileReference; fileEncoding = 4; lastKnownFileType = sourcecode.c.h; name = SMREditCostBenefitViewController.h; path = Controllers/SMREditCostBenefitViewController.h; sourceTree = "<group>"; };
		B25355BA1C25F960002C02FC /* SMREditCostBenefitViewController.m */ = {isa = PBXFileReference; fileEncoding = 4; lastKnownFileType = sourcecode.c.objc; name = SMREditCostBenefitViewController.m; path = Controllers/SMREditCostBenefitViewController.m; sourceTree = "<group>"; };
		B25355BC1C260488002C02FC /* SMRHomeView.xib */ = {isa = PBXFileReference; fileEncoding = 4; lastKnownFileType = file.xib; name = SMRHomeView.xib; path = Views/SMRHomeView.xib; sourceTree = "<group>"; };
		B25355BE1C2604A3002C02FC /* SMRHomeViewController.h */ = {isa = PBXFileReference; fileEncoding = 4; lastKnownFileType = sourcecode.c.h; name = SMRHomeViewController.h; path = Controllers/SMRHomeViewController.h; sourceTree = "<group>"; };
		B25355BF1C2604A3002C02FC /* SMRHomeViewController.m */ = {isa = PBXFileReference; fileEncoding = 4; lastKnownFileType = sourcecode.c.objc; name = SMRHomeViewController.m; path = Controllers/SMRHomeViewController.m; sourceTree = "<group>"; };
		B25355C11C261725002C02FC /* SMRWebView.xib */ = {isa = PBXFileReference; fileEncoding = 4; lastKnownFileType = file.xib; name = SMRWebView.xib; path = Views/SMRWebView.xib; sourceTree = "<group>"; };
		B258E4B81C14F36D00281E81 /* SMRCostBenefitBoxTableViewCell.h */ = {isa = PBXFileReference; fileEncoding = 4; lastKnownFileType = sourcecode.c.h; name = SMRCostBenefitBoxTableViewCell.h; path = Views/SMRCostBenefitBoxTableViewCell.h; sourceTree = "<group>"; };
		B258E4B91C14F36D00281E81 /* SMRCostBenefitBoxTableViewCell.m */ = {isa = PBXFileReference; fileEncoding = 4; lastKnownFileType = sourcecode.c.objc; name = SMRCostBenefitBoxTableViewCell.m; path = Views/SMRCostBenefitBoxTableViewCell.m; sourceTree = "<group>"; };
		B258E4BA1C14F36D00281E81 /* SMRCostBenefitBoxTableViewCell.xib */ = {isa = PBXFileReference; fileEncoding = 4; lastKnownFileType = file.xib; name = SMRCostBenefitBoxTableViewCell.xib; path = Views/SMRCostBenefitBoxTableViewCell.xib; sourceTree = "<group>"; };
		B26BE5AC1AC114C2001ABA41 /* costbenefit.app */ = {isa = PBXFileReference; explicitFileType = wrapper.application; includeInIndex = 0; path = costbenefit.app; sourceTree = BUILT_PRODUCTS_DIR; };
		B26BE5B01AC114C2001ABA41 /* Info.plist */ = {isa = PBXFileReference; lastKnownFileType = text.plist.xml; path = Info.plist; sourceTree = "<group>"; };
		B26BE5B11AC114C2001ABA41 /* main.m */ = {isa = PBXFileReference; lastKnownFileType = sourcecode.c.objc; path = main.m; sourceTree = "<group>"; };
		B26BE5B31AC114C2001ABA41 /* AppDelegate.h */ = {isa = PBXFileReference; lastKnownFileType = sourcecode.c.h; path = AppDelegate.h; sourceTree = "<group>"; };
		B26BE5B41AC114C2001ABA41 /* AppDelegate.m */ = {isa = PBXFileReference; lastKnownFileType = sourcecode.c.objc; path = AppDelegate.m; sourceTree = "<group>"; };
		B26BE5BC1AC114C2001ABA41 /* Images.xcassets */ = {isa = PBXFileReference; lastKnownFileType = folder.assetcatalog; path = Images.xcassets; sourceTree = "<group>"; };
		B26BE5BF1AC114C2001ABA41 /* Base */ = {isa = PBXFileReference; lastKnownFileType = file.xib; name = Base; path = Base.lproj/LaunchScreen.xib; sourceTree = "<group>"; };
		B26BE5C51AC114C3001ABA41 /* CostBenefitTests.xctest */ = {isa = PBXFileReference; explicitFileType = wrapper.cfbundle; includeInIndex = 0; path = CostBenefitTests.xctest; sourceTree = BUILT_PRODUCTS_DIR; };
		B26BE5CA1AC114C3001ABA41 /* Info.plist */ = {isa = PBXFileReference; lastKnownFileType = text.plist.xml; path = Info.plist; sourceTree = "<group>"; };
		B26BE5CB1AC114C3001ABA41 /* SMARTRecoveryTests.m */ = {isa = PBXFileReference; lastKnownFileType = sourcecode.c.objc; path = SMARTRecoveryTests.m; sourceTree = "<group>"; };
		B26BE5D61AC121EF001ABA41 /* Model.xcdatamodel */ = {isa = PBXFileReference; lastKnownFileType = wrapper.xcdatamodel; path = Model.xcdatamodel; sourceTree = "<group>"; };
		B2826C2E1AC8F88C005D14BC /* SMRCoreDataStack.h */ = {isa = PBXFileReference; fileEncoding = 4; lastKnownFileType = sourcecode.c.h; path = SMRCoreDataStack.h; sourceTree = "<group>"; };
		B2826C2F1AC8F88C005D14BC /* SMRCoreDataStack.m */ = {isa = PBXFileReference; fileEncoding = 4; lastKnownFileType = sourcecode.c.objc; path = SMRCoreDataStack.m; sourceTree = "<group>"; };
		B29DB2061AE342A300C60E56 /* plus-26.png */ = {isa = PBXFileReference; lastKnownFileType = image.png; path = "plus-26.png"; sourceTree = "<group>"; };
		B2A2C3891C013F210070CFCE /* SMRCostBenefitViewController.h */ = {isa = PBXFileReference; fileEncoding = 4; lastKnownFileType = sourcecode.c.h; name = SMRCostBenefitViewController.h; path = Controllers/SMRCostBenefitViewController.h; sourceTree = "<group>"; };
		B2A2C38A1C013F210070CFCE /* SMRCostBenefitViewController.m */ = {isa = PBXFileReference; fileEncoding = 4; lastKnownFileType = sourcecode.c.objc; name = SMRCostBenefitViewController.m; path = Controllers/SMRCostBenefitViewController.m; sourceTree = "<group>"; };
		B2A2C38C1C014C980070CFCE /* SMRCostBenefitBoxViewController.h */ = {isa = PBXFileReference; fileEncoding = 4; lastKnownFileType = sourcecode.c.h; name = SMRCostBenefitBoxViewController.h; path = Controllers/SMRCostBenefitBoxViewController.h; sourceTree = "<group>"; };
		B2A2C38D1C014C980070CFCE /* SMRCostBenefitBoxViewController.m */ = {isa = PBXFileReference; fileEncoding = 4; lastKnownFileType = sourcecode.c.objc; name = SMRCostBenefitBoxViewController.m; path = Controllers/SMRCostBenefitBoxViewController.m; sourceTree = "<group>"; };
		B2A2C38E1C014C980070CFCE /* SMRCostBenefitBoxView.xib */ = {isa = PBXFileReference; fileEncoding = 4; lastKnownFileType = file.xib; name = SMRCostBenefitBoxView.xib; path = Views/SMRCostBenefitBoxView.xib; sourceTree = "<group>"; };
		B2A54C931AC9714F00DD320D /* SMRCostBenefit.h */ = {isa = PBXFileReference; fileEncoding = 4; lastKnownFileType = sourcecode.c.h; path = SMRCostBenefit.h; sourceTree = "<group>"; };
		B2A54C941AC9714F00DD320D /* SMRCostBenefit.m */ = {isa = PBXFileReference; fileEncoding = 4; lastKnownFileType = sourcecode.c.objc; path = SMRCostBenefit.m; sourceTree = "<group>"; };
		B2A54C961AC9715000DD320D /* SMRCostBenefitItem.h */ = {isa = PBXFileReference; fileEncoding = 4; lastKnownFileType = sourcecode.c.h; path = SMRCostBenefitItem.h; sourceTree = "<group>"; };
		B2A54C971AC9715000DD320D /* SMRCostBenefitItem.m */ = {isa = PBXFileReference; fileEncoding = 4; lastKnownFileType = sourcecode.c.objc; path = SMRCostBenefitItem.m; sourceTree = "<group>"; };
		B2A54C991AC9721500DD320D /* SMRCostBenefit+methods.h */ = {isa = PBXFileReference; fileEncoding = 4; lastKnownFileType = sourcecode.c.h; path = "SMRCostBenefit+methods.h"; sourceTree = "<group>"; };
		B2A54C9A1AC9721500DD320D /* SMRCostBenefit+methods.m */ = {isa = PBXFileReference; fileEncoding = 4; lastKnownFileType = sourcecode.c.objc; path = "SMRCostBenefit+methods.m"; sourceTree = "<group>"; };
		B2F340F71AD5927A00600623 /* logo.jpeg */ = {isa = PBXFileReference; lastKnownFileType = image.jpeg; path = logo.jpeg; sourceTree = "<group>"; };
		CEED01310E18BA6CDD968909 /* Pods-CostBenefit.release.xcconfig */ = {isa = PBXFileReference; includeInIndex = 1; lastKnownFileType = text.xcconfig; name = "Pods-CostBenefit.release.xcconfig"; path = "Pods/Target Support Files/Pods-CostBenefit/Pods-CostBenefit.release.xcconfig"; sourceTree = "<group>"; };
/* End PBXFileReference section */

/* Begin PBXFrameworksBuildPhase section */
		B26BE5A91AC114C2001ABA41 /* Frameworks */ = {
			isa = PBXFrameworksBuildPhase;
			buildActionMask = 2147483647;
			files = (
				8C3AD848B701984A80B235BA /* libPods-CostBenefit.a in Frameworks */,
			);
			runOnlyForDeploymentPostprocessing = 0;
		};
		B26BE5C21AC114C3001ABA41 /* Frameworks */ = {
			isa = PBXFrameworksBuildPhase;
			buildActionMask = 2147483647;
			files = (
			);
			runOnlyForDeploymentPostprocessing = 0;
		};
/* End PBXFrameworksBuildPhase section */

/* Begin PBXGroup section */
		2F247B201CD3799068160388 /* Pods */ = {
			isa = PBXGroup;
			children = (
				2DAC313174CD7F2645247608 /* Pods-CostBenefit.debug.xcconfig */,
				CEED01310E18BA6CDD968909 /* Pods-CostBenefit.release.xcconfig */,
			);
			name = Pods;
			sourceTree = "<group>";
		};
		30405A4B141371D3E84500BE /* Frameworks */ = {
			isa = PBXGroup;
			children = (
				81B53DB601E3EFC59289E99B /* libPods-CostBenefit.a */,
			);
			name = Frameworks;
			sourceTree = "<group>";
		};
		B26BE5A31AC114C2001ABA41 = {
			isa = PBXGroup;
			children = (
				B26BE5AE1AC114C2001ABA41 /* CostBenefit */,
				B26BE5AF1AC114C2001ABA41 /* Supporting Files */,
				B26BE5C81AC114C3001ABA41 /* CostBenefitTests */,
				B26BE5AD1AC114C2001ABA41 /* Products */,
				2F247B201CD3799068160388 /* Pods */,
				30405A4B141371D3E84500BE /* Frameworks */,
			);
			sourceTree = "<group>";
		};
		B26BE5AD1AC114C2001ABA41 /* Products */ = {
			isa = PBXGroup;
			children = (
				B26BE5AC1AC114C2001ABA41 /* costbenefit.app */,
				B26BE5C51AC114C3001ABA41 /* CostBenefitTests.xctest */,
			);
			name = Products;
			sourceTree = "<group>";
		};
		B26BE5AE1AC114C2001ABA41 /* CostBenefit */ = {
			isa = PBXGroup;
			children = (
				B26BE5B31AC114C2001ABA41 /* AppDelegate.h */,
				B26BE5B41AC114C2001ABA41 /* AppDelegate.m */,
				B2EBD0ED1AC9B80400D52E8E /* Models */,
				B2EBD0EE1AC9B81400D52E8E /* Views */,
				B2EBD0EF1AC9B83200D52E8E /* Controllers */,
			);
			path = CostBenefit;
			sourceTree = "<group>";
		};
		B26BE5AF1AC114C2001ABA41 /* Supporting Files */ = {
			isa = PBXGroup;
			children = (
				B215CD241AE5366800DF8CAA /* cba.txt */,
				B20F628A1AE65A6500D1478F /* smart.txt */,
				B29DB2061AE342A300C60E56 /* plus-26.png */,
				B2F340F71AD5927A00600623 /* logo.jpeg */,
				B26BE5B01AC114C2001ABA41 /* Info.plist */,
				B26BE5B11AC114C2001ABA41 /* main.m */,
			);
			name = "Supporting Files";
			path = CostBenefit;
			sourceTree = "<group>";
		};
		B26BE5C81AC114C3001ABA41 /* CostBenefitTests */ = {
			isa = PBXGroup;
			children = (
				B26BE5CB1AC114C3001ABA41 /* SMARTRecoveryTests.m */,
				B26BE5C91AC114C3001ABA41 /* Supporting Files */,
			);
			path = CostBenefitTests;
			sourceTree = "<group>";
		};
		B26BE5C91AC114C3001ABA41 /* Supporting Files */ = {
			isa = PBXGroup;
			children = (
				B26BE5CA1AC114C3001ABA41 /* Info.plist */,
			);
			name = "Supporting Files";
			sourceTree = "<group>";
		};
		B2EBD0ED1AC9B80400D52E8E /* Models */ = {
			isa = PBXGroup;
			children = (
				B2826C2E1AC8F88C005D14BC /* SMRCoreDataStack.h */,
				B2826C2F1AC8F88C005D14BC /* SMRCoreDataStack.m */,
				B26BE5D51AC121EF001ABA41 /* Model.xcdatamodeld */,
				B2A54C931AC9714F00DD320D /* SMRCostBenefit.h */,
				B2A54C941AC9714F00DD320D /* SMRCostBenefit.m */,
				B2A54C991AC9721500DD320D /* SMRCostBenefit+methods.h */,
				B2A54C9A1AC9721500DD320D /* SMRCostBenefit+methods.m */,
				B2A54C961AC9715000DD320D /* SMRCostBenefitItem.h */,
				B2A54C971AC9715000DD320D /* SMRCostBenefitItem.m */,
				B21989B11ACD83D700B91322 /* SMRCostBenefitItem+methods.h */,
				B21989B21ACD83D700B91322 /* SMRCostBenefitItem+methods.m */,
			);
			name = Models;
			sourceTree = "<group>";
		};
		B2EBD0EE1AC9B81400D52E8E /* Views */ = {
			isa = PBXGroup;
			children = (
				B26BE5BE1AC114C2001ABA41 /* LaunchScreen.xib */,
				B26BE5BC1AC114C2001ABA41 /* Images.xcassets */,
				B258E4B81C14F36D00281E81 /* SMRCostBenefitBoxTableViewCell.h */,
				B258E4B91C14F36D00281E81 /* SMRCostBenefitBoxTableViewCell.m */,
				B258E4BA1C14F36D00281E81 /* SMRCostBenefitBoxTableViewCell.xib */,
				B2A2C38E1C014C980070CFCE /* SMRCostBenefitBoxView.xib */,
				B25355B71C25F3EB002C02FC /* SMREditCostBenefitView.xib */,
				B21F37A21C0433DF001179A0 /* SMREditCostBenefitItemView.xib */,
				B25355BC1C260488002C02FC /* SMRHomeView.xib */,
				B25355C11C261725002C02FC /* SMRWebView.xib */,
			);
			name = Views;
			sourceTree = "<group>";
		};
		B2EBD0EF1AC9B83200D52E8E /* Controllers */ = {
			isa = PBXGroup;
			children = (
				B2A2C3891C013F210070CFCE /* SMRCostBenefitViewController.h */,
				B2A2C38A1C013F210070CFCE /* SMRCostBenefitViewController.m */,
				B2A2C38C1C014C980070CFCE /* SMRCostBenefitBoxViewController.h */,
				B2A2C38D1C014C980070CFCE /* SMRCostBenefitBoxViewController.m */,
				B25355B91C25F960002C02FC /* SMREditCostBenefitViewController.h */,
				B25355BA1C25F960002C02FC /* SMREditCostBenefitViewController.m */,
				B21F379F1C0433B3001179A0 /* SMREditCostBenefitItemViewController.h */,
				B21F37A01C0433B3001179A0 /* SMREditCostBenefitItemViewController.m */,
				B25355BE1C2604A3002C02FC /* SMRHomeViewController.h */,
				B25355BF1C2604A3002C02FC /* SMRHomeViewController.m */,
				B215CD1F1AE50A2100DF8CAA /* SMRStaticViewController.h */,
				B215CD201AE50A2100DF8CAA /* SMRStaticViewController.m */,
			);
			name = Controllers;
			sourceTree = "<group>";
		};
/* End PBXGroup section */

/* Begin PBXNativeTarget section */
		B26BE5AB1AC114C2001ABA41 /* CostBenefit */ = {
			isa = PBXNativeTarget;
			buildConfigurationList = B26BE5CF1AC114C3001ABA41 /* Build configuration list for PBXNativeTarget "CostBenefit" */;
			buildPhases = (
				D8243A8E45D669C16CB605CD /* Check Pods Manifest.lock */,
				B26BE5A81AC114C2001ABA41 /* Sources */,
				B26BE5A91AC114C2001ABA41 /* Frameworks */,
				B26BE5AA1AC114C2001ABA41 /* Resources */,
				1B7FA003529BCC83E1E6D96C /* Copy Pods Resources */,
				78A4C7F00C88E296BABB9FEE /* Embed Pods Frameworks */,
			);
			buildRules = (
			);
			dependencies = (
			);
			name = CostBenefit;
			productName = CostBenefit;
			productReference = B26BE5AC1AC114C2001ABA41 /* costbenefit.app */;
			productType = "com.apple.product-type.application";
		};
		B26BE5C41AC114C3001ABA41 /* CostBenefitTests */ = {
			isa = PBXNativeTarget;
			buildConfigurationList = B26BE5D21AC114C3001ABA41 /* Build configuration list for PBXNativeTarget "CostBenefitTests" */;
			buildPhases = (
				B26BE5C11AC114C3001ABA41 /* Sources */,
				B26BE5C21AC114C3001ABA41 /* Frameworks */,
				B26BE5C31AC114C3001ABA41 /* Resources */,
			);
			buildRules = (
			);
			dependencies = (
				B26BE5C71AC114C3001ABA41 /* PBXTargetDependency */,
			);
			name = CostBenefitTests;
			productName = CostBenefitTests;
			productReference = B26BE5C51AC114C3001ABA41 /* CostBenefitTests.xctest */;
			productType = "com.apple.product-type.bundle.unit-test";
		};
/* End PBXNativeTarget section */

/* Begin PBXProject section */
		B26BE5A41AC114C2001ABA41 /* Project object */ = {
			isa = PBXProject;
			attributes = {
				LastUpgradeCheck = 0620;
				ORGANIZATIONNAME = smartrecovery.org;
				TargetAttributes = {
					B26BE5AB1AC114C2001ABA41 = {
						CreatedOnToolsVersion = 6.2;
						DevelopmentTeam = 5VCEAK7F3Z;
					};
					B26BE5C41AC114C3001ABA41 = {
						CreatedOnToolsVersion = 6.2;
						TestTargetID = B26BE5AB1AC114C2001ABA41;
					};
				};
			};
			buildConfigurationList = B26BE5A71AC114C2001ABA41 /* Build configuration list for PBXProject "CostBenefit" */;
			compatibilityVersion = "Xcode 3.2";
			developmentRegion = English;
			hasScannedForEncodings = 0;
			knownRegions = (
				en,
				Base,
			);
			mainGroup = B26BE5A31AC114C2001ABA41;
			productRefGroup = B26BE5AD1AC114C2001ABA41 /* Products */;
			projectDirPath = "";
			projectRoot = "";
			targets = (
				B26BE5AB1AC114C2001ABA41 /* CostBenefit */,
				B26BE5C41AC114C3001ABA41 /* CostBenefitTests */,
			);
		};
/* End PBXProject section */

/* Begin PBXResourcesBuildPhase section */
		B26BE5AA1AC114C2001ABA41 /* Resources */ = {
			isa = PBXResourcesBuildPhase;
			buildActionMask = 2147483647;
			files = (
				B26BE5C01AC114C2001ABA41 /* LaunchScreen.xib in Resources */,
				B2F340F81AD5927A00600623 /* logo.jpeg in Resources */,
				B25355B81C25F3EB002C02FC /* SMREditCostBenefitView.xib in Resources */,
				B258E4BC1C14F36D00281E81 /* SMRCostBenefitBoxTableViewCell.xib in Resources */,
				B20F628B1AE65A6500D1478F /* smart.txt in Resources */,
				B25355C21C261725002C02FC /* SMRWebView.xib in Resources */,
				B25355BD1C260488002C02FC /* SMRHomeView.xib in Resources */,
				B2A2C3901C014C980070CFCE /* SMRCostBenefitBoxView.xib in Resources */,
				B215CD251AE5366800DF8CAA /* cba.txt in Resources */,
				B26BE5BD1AC114C2001ABA41 /* Images.xcassets in Resources */,
				B29DB2071AE342A300C60E56 /* plus-26.png in Resources */,
				B21F37A31C0433DF001179A0 /* SMREditCostBenefitItemView.xib in Resources */,
			);
			runOnlyForDeploymentPostprocessing = 0;
		};
		B26BE5C31AC114C3001ABA41 /* Resources */ = {
			isa = PBXResourcesBuildPhase;
			buildActionMask = 2147483647;
			files = (
			);
			runOnlyForDeploymentPostprocessing = 0;
		};
/* End PBXResourcesBuildPhase section */

/* Begin PBXShellScriptBuildPhase section */
		1B7FA003529BCC83E1E6D96C /* Copy Pods Resources */ = {
			isa = PBXShellScriptBuildPhase;
			buildActionMask = 2147483647;
			files = (
			);
			inputPaths = (
			);
			name = "Copy Pods Resources";
			outputPaths = (
			);
			runOnlyForDeploymentPostprocessing = 0;
			shellPath = /bin/sh;
			shellScript = "\"${SRCROOT}/Pods/Target Support Files/Pods-CostBenefit/Pods-CostBenefit-resources.sh\"\n";
			showEnvVarsInLog = 0;
		};
		78A4C7F00C88E296BABB9FEE /* Embed Pods Frameworks */ = {
			isa = PBXShellScriptBuildPhase;
			buildActionMask = 2147483647;
			files = (
			);
			inputPaths = (
			);
			name = "Embed Pods Frameworks";
			outputPaths = (
			);
			runOnlyForDeploymentPostprocessing = 0;
			shellPath = /bin/sh;
			shellScript = "\"${SRCROOT}/Pods/Target Support Files/Pods-CostBenefit/Pods-CostBenefit-frameworks.sh\"\n";
			showEnvVarsInLog = 0;
		};
		D8243A8E45D669C16CB605CD /* Check Pods Manifest.lock */ = {
			isa = PBXShellScriptBuildPhase;
			buildActionMask = 2147483647;
			files = (
			);
			inputPaths = (
			);
			name = "Check Pods Manifest.lock";
			outputPaths = (
			);
			runOnlyForDeploymentPostprocessing = 0;
			shellPath = /bin/sh;
			shellScript = "diff \"${PODS_ROOT}/../Podfile.lock\" \"${PODS_ROOT}/Manifest.lock\" > /dev/null\nif [[ $? != 0 ]] ; then\n    cat << EOM\nerror: The sandbox is not in sync with the Podfile.lock. Run 'pod install' or update your CocoaPods installation.\nEOM\n    exit 1\nfi\n";
			showEnvVarsInLog = 0;
		};
/* End PBXShellScriptBuildPhase section */

/* Begin PBXSourcesBuildPhase section */
		B26BE5A81AC114C2001ABA41 /* Sources */ = {
			isa = PBXSourcesBuildPhase;
			buildActionMask = 2147483647;
			files = (
				B2A2C38B1C013F210070CFCE /* SMRCostBenefitViewController.m in Sources */,
				B215CD211AE50A2100DF8CAA /* SMRStaticViewController.m in Sources */,
				B25355C01C2604A3002C02FC /* SMRHomeViewController.m in Sources */,
				B258E4BB1C14F36D00281E81 /* SMRCostBenefitBoxTableViewCell.m in Sources */,
				B26BE5B51AC114C2001ABA41 /* AppDelegate.m in Sources */,
				B2A54C9B1AC9721500DD320D /* SMRCostBenefit+methods.m in Sources */,
				B21989B31ACD83D700B91322 /* SMRCostBenefitItem+methods.m in Sources */,
				B26BE5B21AC114C2001ABA41 /* main.m in Sources */,
				B2A54C981AC9715000DD320D /* SMRCostBenefitItem.m in Sources */,
				B2A2C38F1C014C980070CFCE /* SMRCostBenefitBoxViewController.m in Sources */,
				B26BE5D71AC121EF001ABA41 /* Model.xcdatamodeld in Sources */,
				B21F37A11C0433B3001179A0 /* SMREditCostBenefitItemViewController.m in Sources */,
				B2826C301AC8F88C005D14BC /* SMRCoreDataStack.m in Sources */,
				B25355BB1C25F960002C02FC /* SMREditCostBenefitViewController.m in Sources */,
				B2A54C951AC9714F00DD320D /* SMRCostBenefit.m in Sources */,
			);
			runOnlyForDeploymentPostprocessing = 0;
		};
		B26BE5C11AC114C3001ABA41 /* Sources */ = {
			isa = PBXSourcesBuildPhase;
			buildActionMask = 2147483647;
			files = (
				B26BE5CC1AC114C3001ABA41 /* SMARTRecoveryTests.m in Sources */,
			);
			runOnlyForDeploymentPostprocessing = 0;
		};
/* End PBXSourcesBuildPhase section */

/* Begin PBXTargetDependency section */
		B26BE5C71AC114C3001ABA41 /* PBXTargetDependency */ = {
			isa = PBXTargetDependency;
			target = B26BE5AB1AC114C2001ABA41 /* CostBenefit */;
			targetProxy = B26BE5C61AC114C3001ABA41 /* PBXContainerItemProxy */;
		};
/* End PBXTargetDependency section */

/* Begin PBXVariantGroup section */
		B26BE5BE1AC114C2001ABA41 /* LaunchScreen.xib */ = {
			isa = PBXVariantGroup;
			children = (
				B26BE5BF1AC114C2001ABA41 /* Base */,
			);
			name = LaunchScreen.xib;
			sourceTree = "<group>";
		};
/* End PBXVariantGroup section */

/* Begin XCBuildConfiguration section */
		B26BE5CD1AC114C3001ABA41 /* Debug */ = {
			isa = XCBuildConfiguration;
			buildSettings = {
				ALWAYS_SEARCH_USER_PATHS = NO;
				CLANG_CXX_LANGUAGE_STANDARD = "gnu++0x";
				CLANG_CXX_LIBRARY = "libc++";
				CLANG_ENABLE_MODULES = YES;
				CLANG_ENABLE_OBJC_ARC = YES;
				CLANG_WARN_BOOL_CONVERSION = YES;
				CLANG_WARN_CONSTANT_CONVERSION = YES;
				CLANG_WARN_DIRECT_OBJC_ISA_USAGE = YES_ERROR;
				CLANG_WARN_EMPTY_BODY = YES;
				CLANG_WARN_ENUM_CONVERSION = YES;
				CLANG_WARN_INT_CONVERSION = YES;
				CLANG_WARN_OBJC_ROOT_CLASS = YES_ERROR;
				CLANG_WARN_UNREACHABLE_CODE = YES;
				CLANG_WARN__DUPLICATE_METHOD_MATCH = YES;
				"CODE_SIGN_IDENTITY[sdk=iphoneos*]" = "iPhone Developer";
				COPY_PHASE_STRIP = NO;
				ENABLE_STRICT_OBJC_MSGSEND = YES;
				GCC_C_LANGUAGE_STANDARD = gnu99;
				GCC_DYNAMIC_NO_PIC = NO;
				GCC_OPTIMIZATION_LEVEL = 0;
				GCC_PREPROCESSOR_DEFINITIONS = (
					"DEBUG=1",
					"$(inherited)",
				);
				GCC_SYMBOLS_PRIVATE_EXTERN = NO;
				GCC_WARN_64_TO_32_BIT_CONVERSION = YES;
				GCC_WARN_ABOUT_RETURN_TYPE = YES_ERROR;
				GCC_WARN_UNDECLARED_SELECTOR = YES;
				GCC_WARN_UNINITIALIZED_AUTOS = YES_AGGRESSIVE;
				GCC_WARN_UNUSED_FUNCTION = YES;
				GCC_WARN_UNUSED_VARIABLE = YES;
				INFOPLIST_FILE = CostBenefit/Info.plist;
				IPHONEOS_DEPLOYMENT_TARGET = 8.2;
				MTL_ENABLE_DEBUG_INFO = YES;
				ONLY_ACTIVE_ARCH = YES;
				PRIVATE_HEADERS_FOLDER_PATH = "$(CONTENTS_FOLDER_PATH)/PrivateHeaders";
				PRODUCT_NAME = "SMART Recovery CBA";
				SDKROOT = iphoneos;
			};
			name = Debug;
		};
		B26BE5CE1AC114C3001ABA41 /* Release */ = {
			isa = XCBuildConfiguration;
			buildSettings = {
				ALWAYS_SEARCH_USER_PATHS = NO;
				CLANG_CXX_LANGUAGE_STANDARD = "gnu++0x";
				CLANG_CXX_LIBRARY = "libc++";
				CLANG_ENABLE_MODULES = YES;
				CLANG_ENABLE_OBJC_ARC = YES;
				CLANG_WARN_BOOL_CONVERSION = YES;
				CLANG_WARN_CONSTANT_CONVERSION = YES;
				CLANG_WARN_DIRECT_OBJC_ISA_USAGE = YES_ERROR;
				CLANG_WARN_EMPTY_BODY = YES;
				CLANG_WARN_ENUM_CONVERSION = YES;
				CLANG_WARN_INT_CONVERSION = YES;
				CLANG_WARN_OBJC_ROOT_CLASS = YES_ERROR;
				CLANG_WARN_UNREACHABLE_CODE = YES;
				CLANG_WARN__DUPLICATE_METHOD_MATCH = YES;
				"CODE_SIGN_IDENTITY[sdk=iphoneos*]" = "iPhone Developer";
				COPY_PHASE_STRIP = NO;
				ENABLE_NS_ASSERTIONS = NO;
				ENABLE_STRICT_OBJC_MSGSEND = YES;
				GCC_C_LANGUAGE_STANDARD = gnu99;
				GCC_WARN_64_TO_32_BIT_CONVERSION = YES;
				GCC_WARN_ABOUT_RETURN_TYPE = YES_ERROR;
				GCC_WARN_UNDECLARED_SELECTOR = YES;
				GCC_WARN_UNINITIALIZED_AUTOS = YES_AGGRESSIVE;
				GCC_WARN_UNUSED_FUNCTION = YES;
				GCC_WARN_UNUSED_VARIABLE = YES;
				INFOPLIST_FILE = CostBenefit/Info.plist;
				IPHONEOS_DEPLOYMENT_TARGET = 8.2;
				MTL_ENABLE_DEBUG_INFO = NO;
				PRIVATE_HEADERS_FOLDER_PATH = "$(CONTENTS_FOLDER_PATH)/PrivateHeaders";
				PRODUCT_NAME = "SMART Recovery CBA";
				SDKROOT = iphoneos;
				VALIDATE_PRODUCT = YES;
			};
			name = Release;
		};
		B26BE5D01AC114C3001ABA41 /* Debug */ = {
			isa = XCBuildConfiguration;
			baseConfigurationReference = 2DAC313174CD7F2645247608 /* Pods-CostBenefit.debug.xcconfig */;
			buildSettings = {
				ASSETCATALOG_COMPILER_APPICON_NAME = AppIcon;
				CODE_SIGN_IDENTITY = "iPhone Developer";
				INFOPLIST_FILE = CostBenefit/Info.plist;
				LD_RUNPATH_SEARCH_PATHS = "$(inherited) @executable_path/Frameworks";
				PRODUCT_NAME = costbenefit;
			};
			name = Debug;
		};
		B26BE5D11AC114C3001ABA41 /* Release */ = {
			isa = XCBuildConfiguration;
			baseConfigurationReference = CEED01310E18BA6CDD968909 /* Pods-CostBenefit.release.xcconfig */;
			buildSettings = {
				ASSETCATALOG_COMPILER_APPICON_NAME = AppIcon;
				CODE_SIGN_IDENTITY = "iPhone Developer";
				INFOPLIST_FILE = CostBenefit/Info.plist;
				LD_RUNPATH_SEARCH_PATHS = "$(inherited) @executable_path/Frameworks";
				PRODUCT_NAME = costbenefit;
			};
			name = Release;
		};
		B26BE5D31AC114C3001ABA41 /* Debug */ = {
			isa = XCBuildConfiguration;
			buildSettings = {
				BUNDLE_LOADER = "$(TEST_HOST)";
				FRAMEWORK_SEARCH_PATHS = (
					"$(SDKROOT)/Developer/Library/Frameworks",
					"$(inherited)",
				);
				GCC_PREPROCESSOR_DEFINITIONS = (
					"DEBUG=1",
					"$(inherited)",
				);
				INFOPLIST_FILE = CostBenefitTests/Info.plist;
				LD_RUNPATH_SEARCH_PATHS = "$(inherited) @executable_path/Frameworks @loader_path/Frameworks";
				PRODUCT_NAME = CostBenefitTests;
				TEST_HOST = "$(BUILT_PRODUCTS_DIR)/CostBenefit.app/CostBenefit";
			};
			name = Debug;
		};
		B26BE5D41AC114C3001ABA41 /* Release */ = {
			isa = XCBuildConfiguration;
			buildSettings = {
				BUNDLE_LOADER = "$(TEST_HOST)";
				FRAMEWORK_SEARCH_PATHS = (
					"$(SDKROOT)/Developer/Library/Frameworks",
					"$(inherited)",
				);
				INFOPLIST_FILE = CostBenefitTests/Info.plist;
				LD_RUNPATH_SEARCH_PATHS = "$(inherited) @executable_path/Frameworks @loader_path/Frameworks";
				PRODUCT_NAME = CostBenefitTests;
				TEST_HOST = "$(BUILT_PRODUCTS_DIR)/CostBenefit.app/CostBenefit";
			};
			name = Release;
		};
/* End XCBuildConfiguration section */

/* Begin XCConfigurationList section */
		B26BE5A71AC114C2001ABA41 /* Build configuration list for PBXProject "CostBenefit" */ = {
			isa = XCConfigurationList;
			buildConfigurations = (
				B26BE5CD1AC114C3001ABA41 /* Debug */,
				B26BE5CE1AC114C3001ABA41 /* Release */,
			);
			defaultConfigurationIsVisible = 0;
			defaultConfigurationName = Release;
		};
		B26BE5CF1AC114C3001ABA41 /* Build configuration list for PBXNativeTarget "CostBenefit" */ = {
			isa = XCConfigurationList;
			buildConfigurations = (
				B26BE5D01AC114C3001ABA41 /* Debug */,
				B26BE5D11AC114C3001ABA41 /* Release */,
			);
			defaultConfigurationIsVisible = 0;
			defaultConfigurationName = Release;
		};
		B26BE5D21AC114C3001ABA41 /* Build configuration list for PBXNativeTarget "CostBenefitTests" */ = {
			isa = XCConfigurationList;
			buildConfigurations = (
				B26BE5D31AC114C3001ABA41 /* Debug */,
				B26BE5D41AC114C3001ABA41 /* Release */,
			);
			defaultConfigurationIsVisible = 0;
			defaultConfigurationName = Release;
		};
/* End XCConfigurationList section */

/* Begin XCVersionGroup section */
		B26BE5D51AC121EF001ABA41 /* Model.xcdatamodeld */ = {
			isa = XCVersionGroup;
			children = (
				B26BE5D61AC121EF001ABA41 /* Model.xcdatamodel */,
			);
			currentVersion = B26BE5D61AC121EF001ABA41 /* Model.xcdatamodel */;
			path = Model.xcdatamodeld;
			sourceTree = "<group>";
			versionGroupType = wrapper.xcdatamodel;
		};
/* End XCVersionGroup section */
	};
	rootObject = B26BE5A41AC114C2001ABA41 /* Project object */;
}
