// !$*UTF8*$!
{
	archiveVersion = 1;
	classes = {
	};
	objectVersion = 46;
	objects = {

/* Begin PBXBuildFile section */
		B21989B31ACD83D700B91322 /* SMRCostBenefitItem+methods.m in Sources */ = {isa = PBXBuildFile; fileRef = B21989B21ACD83D700B91322 /* SMRCostBenefitItem+methods.m */; };
		B242D7C11ACC182500EC791D /* SMRCostBenefitItemViewController.m in Sources */ = {isa = PBXBuildFile; fileRef = B242D7C01ACC182500EC791D /* SMRCostBenefitItemViewController.m */; };
		B26BE5B21AC114C2001ABA41 /* main.m in Sources */ = {isa = PBXBuildFile; fileRef = B26BE5B11AC114C2001ABA41 /* main.m */; };
		B26BE5B51AC114C2001ABA41 /* AppDelegate.m in Sources */ = {isa = PBXBuildFile; fileRef = B26BE5B41AC114C2001ABA41 /* AppDelegate.m */; };
		B26BE5BB1AC114C2001ABA41 /* Main.storyboard in Resources */ = {isa = PBXBuildFile; fileRef = B26BE5B91AC114C2001ABA41 /* Main.storyboard */; };
		B26BE5BD1AC114C2001ABA41 /* Images.xcassets in Resources */ = {isa = PBXBuildFile; fileRef = B26BE5BC1AC114C2001ABA41 /* Images.xcassets */; };
		B26BE5C01AC114C2001ABA41 /* LaunchScreen.xib in Resources */ = {isa = PBXBuildFile; fileRef = B26BE5BE1AC114C2001ABA41 /* LaunchScreen.xib */; };
		B26BE5CC1AC114C3001ABA41 /* SMARTRecoveryTests.m in Sources */ = {isa = PBXBuildFile; fileRef = B26BE5CB1AC114C3001ABA41 /* SMARTRecoveryTests.m */; };
		B26BE5D71AC121EF001ABA41 /* Model.xcdatamodeld in Sources */ = {isa = PBXBuildFile; fileRef = B26BE5D51AC121EF001ABA41 /* Model.xcdatamodeld */; };
		B2826C301AC8F88C005D14BC /* SMRCoreDataStack.m in Sources */ = {isa = PBXBuildFile; fileRef = B2826C2F1AC8F88C005D14BC /* SMRCoreDataStack.m */; };
		B2A54C951AC9714F00DD320D /* SMRCostBenefit.m in Sources */ = {isa = PBXBuildFile; fileRef = B2A54C941AC9714F00DD320D /* SMRCostBenefit.m */; };
		B2A54C981AC9715000DD320D /* SMRCostBenefitItem.m in Sources */ = {isa = PBXBuildFile; fileRef = B2A54C971AC9715000DD320D /* SMRCostBenefitItem.m */; };
		B2A54C9B1AC9721500DD320D /* SMRCostBenefit+methods.m in Sources */ = {isa = PBXBuildFile; fileRef = B2A54C9A1AC9721500DD320D /* SMRCostBenefit+methods.m */; };
		B2C401301ACBA8C5002BD3EB /* SMRCostBenefitViewController.m in Sources */ = {isa = PBXBuildFile; fileRef = B2C4012F1ACBA8C5002BD3EB /* SMRCostBenefitViewController.m */; };
		B2DA2F991AD6D4E800D7F266 /* SMRViewControllerHelper.m in Sources */ = {isa = PBXBuildFile; fileRef = B2DA2F981AD6D4E800D7F266 /* SMRViewControllerHelper.m */; };
		B2EBD0E91AC9AF7B00D52E8E /* SMRListCostBenefitsViewController.m in Sources */ = {isa = PBXBuildFile; fileRef = B2EBD0E81AC9AF7B00D52E8E /* SMRListCostBenefitsViewController.m */; };
		B2EBD0EC1AC9AF9A00D52E8E /* SMREditCostBenefitViewController.m in Sources */ = {isa = PBXBuildFile; fileRef = B2EBD0EB1AC9AF9A00D52E8E /* SMREditCostBenefitViewController.m */; };
		B2F340F81AD5927A00600623 /* logo.jpeg in Resources */ = {isa = PBXBuildFile; fileRef = B2F340F71AD5927A00600623 /* logo.jpeg */; };
/* End PBXBuildFile section */

/* Begin PBXContainerItemProxy section */
		B26BE5C61AC114C3001ABA41 /* PBXContainerItemProxy */ = {
			isa = PBXContainerItemProxy;
			containerPortal = B26BE5A41AC114C2001ABA41 /* Project object */;
			proxyType = 1;
			remoteGlobalIDString = B26BE5AB1AC114C2001ABA41;
			remoteInfo = SMARTRecovery;
		};
/* End PBXContainerItemProxy section */

/* Begin PBXFileReference section */
		B21989B11ACD83D700B91322 /* SMRCostBenefitItem+methods.h */ = {isa = PBXFileReference; fileEncoding = 4; lastKnownFileType = sourcecode.c.h; path = "SMRCostBenefitItem+methods.h"; sourceTree = "<group>"; };
		B21989B21ACD83D700B91322 /* SMRCostBenefitItem+methods.m */ = {isa = PBXFileReference; fileEncoding = 4; lastKnownFileType = sourcecode.c.objc; path = "SMRCostBenefitItem+methods.m"; sourceTree = "<group>"; };
		B242D7BF1ACC182500EC791D /* SMRCostBenefitItemViewController.h */ = {isa = PBXFileReference; fileEncoding = 4; lastKnownFileType = sourcecode.c.h; path = SMRCostBenefitItemViewController.h; sourceTree = "<group>"; };
		B242D7C01ACC182500EC791D /* SMRCostBenefitItemViewController.m */ = {isa = PBXFileReference; fileEncoding = 4; lastKnownFileType = sourcecode.c.objc; path = SMRCostBenefitItemViewController.m; sourceTree = "<group>"; };
		B26BE5AC1AC114C2001ABA41 /* SMARTRecovery.app */ = {isa = PBXFileReference; explicitFileType = wrapper.application; includeInIndex = 0; path = SMARTRecovery.app; sourceTree = BUILT_PRODUCTS_DIR; };
		B26BE5B01AC114C2001ABA41 /* Info.plist */ = {isa = PBXFileReference; lastKnownFileType = text.plist.xml; path = Info.plist; sourceTree = "<group>"; };
		B26BE5B11AC114C2001ABA41 /* main.m */ = {isa = PBXFileReference; lastKnownFileType = sourcecode.c.objc; path = main.m; sourceTree = "<group>"; };
		B26BE5B31AC114C2001ABA41 /* AppDelegate.h */ = {isa = PBXFileReference; lastKnownFileType = sourcecode.c.h; path = AppDelegate.h; sourceTree = "<group>"; };
		B26BE5B41AC114C2001ABA41 /* AppDelegate.m */ = {isa = PBXFileReference; lastKnownFileType = sourcecode.c.objc; path = AppDelegate.m; sourceTree = "<group>"; };
		B26BE5BA1AC114C2001ABA41 /* Base */ = {isa = PBXFileReference; lastKnownFileType = file.storyboard; name = Base; path = Base.lproj/Main.storyboard; sourceTree = "<group>"; };
		B26BE5BC1AC114C2001ABA41 /* Images.xcassets */ = {isa = PBXFileReference; lastKnownFileType = folder.assetcatalog; path = Images.xcassets; sourceTree = "<group>"; };
		B26BE5BF1AC114C2001ABA41 /* Base */ = {isa = PBXFileReference; lastKnownFileType = file.xib; name = Base; path = Base.lproj/LaunchScreen.xib; sourceTree = "<group>"; };
		B26BE5C51AC114C3001ABA41 /* SMARTRecoveryTests.xctest */ = {isa = PBXFileReference; explicitFileType = wrapper.cfbundle; includeInIndex = 0; path = SMARTRecoveryTests.xctest; sourceTree = BUILT_PRODUCTS_DIR; };
		B26BE5CA1AC114C3001ABA41 /* Info.plist */ = {isa = PBXFileReference; lastKnownFileType = text.plist.xml; path = Info.plist; sourceTree = "<group>"; };
		B26BE5CB1AC114C3001ABA41 /* SMARTRecoveryTests.m */ = {isa = PBXFileReference; lastKnownFileType = sourcecode.c.objc; path = SMARTRecoveryTests.m; sourceTree = "<group>"; };
		B26BE5D61AC121EF001ABA41 /* Model.xcdatamodel */ = {isa = PBXFileReference; lastKnownFileType = wrapper.xcdatamodel; path = Model.xcdatamodel; sourceTree = "<group>"; };
		B2826C2E1AC8F88C005D14BC /* SMRCoreDataStack.h */ = {isa = PBXFileReference; fileEncoding = 4; lastKnownFileType = sourcecode.c.h; path = SMRCoreDataStack.h; sourceTree = "<group>"; };
		B2826C2F1AC8F88C005D14BC /* SMRCoreDataStack.m */ = {isa = PBXFileReference; fileEncoding = 4; lastKnownFileType = sourcecode.c.objc; path = SMRCoreDataStack.m; sourceTree = "<group>"; };
		B2A54C931AC9714F00DD320D /* SMRCostBenefit.h */ = {isa = PBXFileReference; fileEncoding = 4; lastKnownFileType = sourcecode.c.h; path = SMRCostBenefit.h; sourceTree = "<group>"; };
		B2A54C941AC9714F00DD320D /* SMRCostBenefit.m */ = {isa = PBXFileReference; fileEncoding = 4; lastKnownFileType = sourcecode.c.objc; path = SMRCostBenefit.m; sourceTree = "<group>"; };
		B2A54C961AC9715000DD320D /* SMRCostBenefitItem.h */ = {isa = PBXFileReference; fileEncoding = 4; lastKnownFileType = sourcecode.c.h; path = SMRCostBenefitItem.h; sourceTree = "<group>"; };
		B2A54C971AC9715000DD320D /* SMRCostBenefitItem.m */ = {isa = PBXFileReference; fileEncoding = 4; lastKnownFileType = sourcecode.c.objc; path = SMRCostBenefitItem.m; sourceTree = "<group>"; };
		B2A54C991AC9721500DD320D /* SMRCostBenefit+methods.h */ = {isa = PBXFileReference; fileEncoding = 4; lastKnownFileType = sourcecode.c.h; path = "SMRCostBenefit+methods.h"; sourceTree = "<group>"; };
		B2A54C9A1AC9721500DD320D /* SMRCostBenefit+methods.m */ = {isa = PBXFileReference; fileEncoding = 4; lastKnownFileType = sourcecode.c.objc; path = "SMRCostBenefit+methods.m"; sourceTree = "<group>"; };
		B2C4012E1ACBA8C5002BD3EB /* SMRCostBenefitViewController.h */ = {isa = PBXFileReference; fileEncoding = 4; lastKnownFileType = sourcecode.c.h; path = SMRCostBenefitViewController.h; sourceTree = "<group>"; };
		B2C4012F1ACBA8C5002BD3EB /* SMRCostBenefitViewController.m */ = {isa = PBXFileReference; fileEncoding = 4; lastKnownFileType = sourcecode.c.objc; path = SMRCostBenefitViewController.m; sourceTree = "<group>"; };
		B2DA2F971AD6D4E800D7F266 /* SMRViewControllerHelper.h */ = {isa = PBXFileReference; fileEncoding = 4; lastKnownFileType = sourcecode.c.h; path = SMRViewControllerHelper.h; sourceTree = "<group>"; };
		B2DA2F981AD6D4E800D7F266 /* SMRViewControllerHelper.m */ = {isa = PBXFileReference; fileEncoding = 4; lastKnownFileType = sourcecode.c.objc; path = SMRViewControllerHelper.m; sourceTree = "<group>"; };
		B2EBD0E71AC9AF7B00D52E8E /* SMRListCostBenefitsViewController.h */ = {isa = PBXFileReference; fileEncoding = 4; lastKnownFileType = sourcecode.c.h; path = SMRListCostBenefitsViewController.h; sourceTree = "<group>"; };
		B2EBD0E81AC9AF7B00D52E8E /* SMRListCostBenefitsViewController.m */ = {isa = PBXFileReference; fileEncoding = 4; lastKnownFileType = sourcecode.c.objc; path = SMRListCostBenefitsViewController.m; sourceTree = "<group>"; };
		B2EBD0EA1AC9AF9A00D52E8E /* SMREditCostBenefitViewController.h */ = {isa = PBXFileReference; fileEncoding = 4; lastKnownFileType = sourcecode.c.h; path = SMREditCostBenefitViewController.h; sourceTree = "<group>"; };
		B2EBD0EB1AC9AF9A00D52E8E /* SMREditCostBenefitViewController.m */ = {isa = PBXFileReference; fileEncoding = 4; lastKnownFileType = sourcecode.c.objc; path = SMREditCostBenefitViewController.m; sourceTree = "<group>"; };
		B2F340F71AD5927A00600623 /* logo.jpeg */ = {isa = PBXFileReference; lastKnownFileType = image.jpeg; path = logo.jpeg; sourceTree = "<group>"; };
/* End PBXFileReference section */

/* Begin PBXFrameworksBuildPhase section */
		B26BE5A91AC114C2001ABA41 /* Frameworks */ = {
			isa = PBXFrameworksBuildPhase;
			buildActionMask = 2147483647;
			files = (
			);
			runOnlyForDeploymentPostprocessing = 0;
		};
		B26BE5C21AC114C3001ABA41 /* Frameworks */ = {
			isa = PBXFrameworksBuildPhase;
			buildActionMask = 2147483647;
			files = (
			);
			runOnlyForDeploymentPostprocessing = 0;
		};
/* End PBXFrameworksBuildPhase section */

/* Begin PBXGroup section */
		B26BE5A31AC114C2001ABA41 = {
			isa = PBXGroup;
			children = (
				B26BE5AE1AC114C2001ABA41 /* SMARTRecovery */,
				B26BE5AF1AC114C2001ABA41 /* Supporting Files */,
				B26BE5C81AC114C3001ABA41 /* SMARTRecoveryTests */,
				B26BE5AD1AC114C2001ABA41 /* Products */,
			);
			sourceTree = "<group>";
		};
		B26BE5AD1AC114C2001ABA41 /* Products */ = {
			isa = PBXGroup;
			children = (
				B26BE5AC1AC114C2001ABA41 /* SMARTRecovery.app */,
				B26BE5C51AC114C3001ABA41 /* SMARTRecoveryTests.xctest */,
			);
			name = Products;
			sourceTree = "<group>";
		};
		B26BE5AE1AC114C2001ABA41 /* SMARTRecovery */ = {
			isa = PBXGroup;
			children = (
				B26BE5B31AC114C2001ABA41 /* AppDelegate.h */,
				B26BE5B41AC114C2001ABA41 /* AppDelegate.m */,
				B2EBD0ED1AC9B80400D52E8E /* Model */,
				B2EBD0EE1AC9B81400D52E8E /* View */,
				B2EBD0EF1AC9B83200D52E8E /* Controller */,
			);
			path = SMARTRecovery;
			sourceTree = "<group>";
		};
		B26BE5AF1AC114C2001ABA41 /* Supporting Files */ = {
			isa = PBXGroup;
			children = (
				B2F340F71AD5927A00600623 /* logo.jpeg */,
				B26BE5B01AC114C2001ABA41 /* Info.plist */,
				B26BE5B11AC114C2001ABA41 /* main.m */,
			);
			name = "Supporting Files";
			path = SMARTRecovery;
			sourceTree = "<group>";
		};
		B26BE5C81AC114C3001ABA41 /* SMARTRecoveryTests */ = {
			isa = PBXGroup;
			children = (
				B26BE5CB1AC114C3001ABA41 /* SMARTRecoveryTests.m */,
				B26BE5C91AC114C3001ABA41 /* Supporting Files */,
			);
			path = SMARTRecoveryTests;
			sourceTree = "<group>";
		};
		B26BE5C91AC114C3001ABA41 /* Supporting Files */ = {
			isa = PBXGroup;
			children = (
				B26BE5CA1AC114C3001ABA41 /* Info.plist */,
			);
			name = "Supporting Files";
			sourceTree = "<group>";
		};
		B2EBD0ED1AC9B80400D52E8E /* Model */ = {
			isa = PBXGroup;
			children = (
				B2826C2E1AC8F88C005D14BC /* SMRCoreDataStack.h */,
				B2826C2F1AC8F88C005D14BC /* SMRCoreDataStack.m */,
				B26BE5D51AC121EF001ABA41 /* Model.xcdatamodeld */,
				B2A54C931AC9714F00DD320D /* SMRCostBenefit.h */,
				B2A54C941AC9714F00DD320D /* SMRCostBenefit.m */,
				B2A54C991AC9721500DD320D /* SMRCostBenefit+methods.h */,
				B2A54C9A1AC9721500DD320D /* SMRCostBenefit+methods.m */,
				B2A54C961AC9715000DD320D /* SMRCostBenefitItem.h */,
				B2A54C971AC9715000DD320D /* SMRCostBenefitItem.m */,
				B21989B11ACD83D700B91322 /* SMRCostBenefitItem+methods.h */,
				B21989B21ACD83D700B91322 /* SMRCostBenefitItem+methods.m */,
			);
			name = Model;
			sourceTree = "<group>";
		};
		B2EBD0EE1AC9B81400D52E8E /* View */ = {
			isa = PBXGroup;
			children = (
				B26BE5B91AC114C2001ABA41 /* Main.storyboard */,
				B26BE5BC1AC114C2001ABA41 /* Images.xcassets */,
				B26BE5BE1AC114C2001ABA41 /* LaunchScreen.xib */,
			);
			name = View;
			sourceTree = "<group>";
		};
		B2EBD0EF1AC9B83200D52E8E /* Controller */ = {
			isa = PBXGroup;
			children = (
				B2C4012E1ACBA8C5002BD3EB /* SMRCostBenefitViewController.h */,
				B2C4012F1ACBA8C5002BD3EB /* SMRCostBenefitViewController.m */,
				B242D7BF1ACC182500EC791D /* SMRCostBenefitItemViewController.h */,
				B242D7C01ACC182500EC791D /* SMRCostBenefitItemViewController.m */,
				B2EBD0E71AC9AF7B00D52E8E /* SMRListCostBenefitsViewController.h */,
				B2EBD0E81AC9AF7B00D52E8E /* SMRListCostBenefitsViewController.m */,
				B2EBD0EA1AC9AF9A00D52E8E /* SMREditCostBenefitViewController.h */,
				B2EBD0EB1AC9AF9A00D52E8E /* SMREditCostBenefitViewController.m */,
				B2DA2F971AD6D4E800D7F266 /* SMRViewControllerHelper.h */,
				B2DA2F981AD6D4E800D7F266 /* SMRViewControllerHelper.m */,
			);
			name = Controller;
			sourceTree = "<group>";
		};
/* End PBXGroup section */

/* Begin PBXNativeTarget section */
		B26BE5AB1AC114C2001ABA41 /* SMARTRecovery */ = {
			isa = PBXNativeTarget;
			buildConfigurationList = B26BE5CF1AC114C3001ABA41 /* Build configuration list for PBXNativeTarget "SMARTRecovery" */;
			buildPhases = (
				B26BE5A81AC114C2001ABA41 /* Sources */,
				B26BE5A91AC114C2001ABA41 /* Frameworks */,
				B26BE5AA1AC114C2001ABA41 /* Resources */,
			);
			buildRules = (
			);
			dependencies = (
			);
			name = SMARTRecovery;
			productName = SMARTRecovery;
			productReference = B26BE5AC1AC114C2001ABA41 /* SMARTRecovery.app */;
			productType = "com.apple.product-type.application";
		};
		B26BE5C41AC114C3001ABA41 /* SMARTRecoveryTests */ = {
			isa = PBXNativeTarget;
			buildConfigurationList = B26BE5D21AC114C3001ABA41 /* Build configuration list for PBXNativeTarget "SMARTRecoveryTests" */;
			buildPhases = (
				B26BE5C11AC114C3001ABA41 /* Sources */,
				B26BE5C21AC114C3001ABA41 /* Frameworks */,
				B26BE5C31AC114C3001ABA41 /* Resources */,
			);
			buildRules = (
			);
			dependencies = (
				B26BE5C71AC114C3001ABA41 /* PBXTargetDependency */,
			);
			name = SMARTRecoveryTests;
			productName = SMARTRecoveryTests;
			productReference = B26BE5C51AC114C3001ABA41 /* SMARTRecoveryTests.xctest */;
			productType = "com.apple.product-type.bundle.unit-test";
		};
/* End PBXNativeTarget section */

/* Begin PBXProject section */
		B26BE5A41AC114C2001ABA41 /* Project object */ = {
			isa = PBXProject;
			attributes = {
				LastUpgradeCheck = 0620;
				ORGANIZATIONNAME = smartrecovery.org;
				TargetAttributes = {
					B26BE5AB1AC114C2001ABA41 = {
						CreatedOnToolsVersion = 6.2;
					};
					B26BE5C41AC114C3001ABA41 = {
						CreatedOnToolsVersion = 6.2;
						TestTargetID = B26BE5AB1AC114C2001ABA41;
					};
				};
			};
			buildConfigurationList = B26BE5A71AC114C2001ABA41 /* Build configuration list for PBXProject "SMARTRecovery" */;
			compatibilityVersion = "Xcode 3.2";
			developmentRegion = English;
			hasScannedForEncodings = 0;
			knownRegions = (
				en,
				Base,
			);
			mainGroup = B26BE5A31AC114C2001ABA41;
			productRefGroup = B26BE5AD1AC114C2001ABA41 /* Products */;
			projectDirPath = "";
			projectRoot = "";
			targets = (
				B26BE5AB1AC114C2001ABA41 /* SMARTRecovery */,
				B26BE5C41AC114C3001ABA41 /* SMARTRecoveryTests */,
			);
		};
/* End PBXProject section */

/* Begin PBXResourcesBuildPhase section */
		B26BE5AA1AC114C2001ABA41 /* Resources */ = {
			isa = PBXResourcesBuildPhase;
			buildActionMask = 2147483647;
			files = (
				B26BE5BB1AC114C2001ABA41 /* Main.storyboard in Resources */,
				B26BE5C01AC114C2001ABA41 /* LaunchScreen.xib in Resources */,
				B2F340F81AD5927A00600623 /* logo.jpeg in Resources */,
				B26BE5BD1AC114C2001ABA41 /* Images.xcassets in Resources */,
			);
			runOnlyForDeploymentPostprocessing = 0;
		};
		B26BE5C31AC114C3001ABA41 /* Resources */ = {
			isa = PBXResourcesBuildPhase;
			buildActionMask = 2147483647;
			files = (
			);
			runOnlyForDeploymentPostprocessing = 0;
		};
/* End PBXResourcesBuildPhase section */

/* Begin PBXSourcesBuildPhase section */
		B26BE5A81AC114C2001ABA41 /* Sources */ = {
			isa = PBXSourcesBuildPhase;
			buildActionMask = 2147483647;
			files = (
				B2DA2F991AD6D4E800D7F266 /* SMRViewControllerHelper.m in Sources */,
				B242D7C11ACC182500EC791D /* SMRCostBenefitItemViewController.m in Sources */,
				B2EBD0E91AC9AF7B00D52E8E /* SMRListCostBenefitsViewController.m in Sources */,
				B2EBD0EC1AC9AF9A00D52E8E /* SMREditCostBenefitViewController.m in Sources */,
				B26BE5B51AC114C2001ABA41 /* AppDelegate.m in Sources */,
				B2A54C9B1AC9721500DD320D /* SMRCostBenefit+methods.m in Sources */,
				B21989B31ACD83D700B91322 /* SMRCostBenefitItem+methods.m in Sources */,
				B2C401301ACBA8C5002BD3EB /* SMRCostBenefitViewController.m in Sources */,
				B26BE5B21AC114C2001ABA41 /* main.m in Sources */,
				B2A54C981AC9715000DD320D /* SMRCostBenefitItem.m in Sources */,
				B26BE5D71AC121EF001ABA41 /* Model.xcdatamodeld in Sources */,
				B2826C301AC8F88C005D14BC /* SMRCoreDataStack.m in Sources */,
				B2A54C951AC9714F00DD320D /* SMRCostBenefit.m in Sources */,
			);
			runOnlyForDeploymentPostprocessing = 0;
		};
		B26BE5C11AC114C3001ABA41 /* Sources */ = {
			isa = PBXSourcesBuildPhase;
			buildActionMask = 2147483647;
			files = (
				B26BE5CC1AC114C3001ABA41 /* SMARTRecoveryTests.m in Sources */,
			);
			runOnlyForDeploymentPostprocessing = 0;
		};
/* End PBXSourcesBuildPhase section */

/* Begin PBXTargetDependency section */
		B26BE5C71AC114C3001ABA41 /* PBXTargetDependency */ = {
			isa = PBXTargetDependency;
			target = B26BE5AB1AC114C2001ABA41 /* SMARTRecovery */;
			targetProxy = B26BE5C61AC114C3001ABA41 /* PBXContainerItemProxy */;
		};
/* End PBXTargetDependency section */

/* Begin PBXVariantGroup section */
		B26BE5B91AC114C2001ABA41 /* Main.storyboard */ = {
			isa = PBXVariantGroup;
			children = (
				B26BE5BA1AC114C2001ABA41 /* Base */,
			);
			name = Main.storyboard;
			sourceTree = "<group>";
		};
		B26BE5BE1AC114C2001ABA41 /* LaunchScreen.xib */ = {
			isa = PBXVariantGroup;
			children = (
				B26BE5BF1AC114C2001ABA41 /* Base */,
			);
			name = LaunchScreen.xib;
			sourceTree = "<group>";
		};
/* End PBXVariantGroup section */

/* Begin XCBuildConfiguration section */
		B26BE5CD1AC114C3001ABA41 /* Debug */ = {
			isa = XCBuildConfiguration;
			buildSettings = {
				ALWAYS_SEARCH_USER_PATHS = NO;
				CLANG_CXX_LANGUAGE_STANDARD = "gnu++0x";
				CLANG_CXX_LIBRARY = "libc++";
				CLANG_ENABLE_MODULES = YES;
				CLANG_ENABLE_OBJC_ARC = YES;
				CLANG_WARN_BOOL_CONVERSION = YES;
				CLANG_WARN_CONSTANT_CONVERSION = YES;
				CLANG_WARN_DIRECT_OBJC_ISA_USAGE = YES_ERROR;
				CLANG_WARN_EMPTY_BODY = YES;
				CLANG_WARN_ENUM_CONVERSION = YES;
				CLANG_WARN_INT_CONVERSION = YES;
				CLANG_WARN_OBJC_ROOT_CLASS = YES_ERROR;
				CLANG_WARN_UNREACHABLE_CODE = YES;
				CLANG_WARN__DUPLICATE_METHOD_MATCH = YES;
				"CODE_SIGN_IDENTITY[sdk=iphoneos*]" = "iPhone Developer";
				COPY_PHASE_STRIP = NO;
				ENABLE_STRICT_OBJC_MSGSEND = YES;
				GCC_C_LANGUAGE_STANDARD = gnu99;
				GCC_DYNAMIC_NO_PIC = NO;
				GCC_OPTIMIZATION_LEVEL = 0;
				GCC_PREPROCESSOR_DEFINITIONS = (
					"DEBUG=1",
					"$(inherited)",
				);
				GCC_SYMBOLS_PRIVATE_EXTERN = NO;
				GCC_WARN_64_TO_32_BIT_CONVERSION = YES;
				GCC_WARN_ABOUT_RETURN_TYPE = YES_ERROR;
				GCC_WARN_UNDECLARED_SELECTOR = YES;
				GCC_WARN_UNINITIALIZED_AUTOS = YES_AGGRESSIVE;
				GCC_WARN_UNUSED_FUNCTION = YES;
				GCC_WARN_UNUSED_VARIABLE = YES;
				IPHONEOS_DEPLOYMENT_TARGET = 8.2;
				MTL_ENABLE_DEBUG_INFO = YES;
				ONLY_ACTIVE_ARCH = YES;
				SDKROOT = iphoneos;
			};
			name = Debug;
		};
		B26BE5CE1AC114C3001ABA41 /* Release */ = {
			isa = XCBuildConfiguration;
			buildSettings = {
				ALWAYS_SEARCH_USER_PATHS = NO;
				CLANG_CXX_LANGUAGE_STANDARD = "gnu++0x";
				CLANG_CXX_LIBRARY = "libc++";
				CLANG_ENABLE_MODULES = YES;
				CLANG_ENABLE_OBJC_ARC = YES;
				CLANG_WARN_BOOL_CONVERSION = YES;
				CLANG_WARN_CONSTANT_CONVERSION = YES;
				CLANG_WARN_DIRECT_OBJC_ISA_USAGE = YES_ERROR;
				CLANG_WARN_EMPTY_BODY = YES;
				CLANG_WARN_ENUM_CONVERSION = YES;
				CLANG_WARN_INT_CONVERSION = YES;
				CLANG_WARN_OBJC_ROOT_CLASS = YES_ERROR;
				CLANG_WARN_UNREACHABLE_CODE = YES;
				CLANG_WARN__DUPLICATE_METHOD_MATCH = YES;
				"CODE_SIGN_IDENTITY[sdk=iphoneos*]" = "iPhone Developer";
				COPY_PHASE_STRIP = NO;
				ENABLE_NS_ASSERTIONS = NO;
				ENABLE_STRICT_OBJC_MSGSEND = YES;
				GCC_C_LANGUAGE_STANDARD = gnu99;
				GCC_WARN_64_TO_32_BIT_CONVERSION = YES;
				GCC_WARN_ABOUT_RETURN_TYPE = YES_ERROR;
				GCC_WARN_UNDECLARED_SELECTOR = YES;
				GCC_WARN_UNINITIALIZED_AUTOS = YES_AGGRESSIVE;
				GCC_WARN_UNUSED_FUNCTION = YES;
				GCC_WARN_UNUSED_VARIABLE = YES;
				IPHONEOS_DEPLOYMENT_TARGET = 8.2;
				MTL_ENABLE_DEBUG_INFO = NO;
				SDKROOT = iphoneos;
				VALIDATE_PRODUCT = YES;
			};
			name = Release;
		};
		B26BE5D01AC114C3001ABA41 /* Debug */ = {
			isa = XCBuildConfiguration;
			buildSettings = {
				ASSETCATALOG_COMPILER_APPICON_NAME = AppIcon;
				INFOPLIST_FILE = SMARTRecovery/Info.plist;
				LD_RUNPATH_SEARCH_PATHS = "$(inherited) @executable_path/Frameworks";
				PRODUCT_NAME = "$(TARGET_NAME)";
			};
			name = Debug;
		};
		B26BE5D11AC114C3001ABA41 /* Release */ = {
			isa = XCBuildConfiguration;
			buildSettings = {
				ASSETCATALOG_COMPILER_APPICON_NAME = AppIcon;
				INFOPLIST_FILE = SMARTRecovery/Info.plist;
				LD_RUNPATH_SEARCH_PATHS = "$(inherited) @executable_path/Frameworks";
				PRODUCT_NAME = "$(TARGET_NAME)";
			};
			name = Release;
		};
		B26BE5D31AC114C3001ABA41 /* Debug */ = {
			isa = XCBuildConfiguration;
			buildSettings = {
				BUNDLE_LOADER = "$(TEST_HOST)";
				FRAMEWORK_SEARCH_PATHS = (
					"$(SDKROOT)/Developer/Library/Frameworks",
					"$(inherited)",
				);
				GCC_PREPROCESSOR_DEFINITIONS = (
					"DEBUG=1",
					"$(inherited)",
				);
				INFOPLIST_FILE = SMARTRecoveryTests/Info.plist;
				LD_RUNPATH_SEARCH_PATHS = "$(inherited) @executable_path/Frameworks @loader_path/Frameworks";
				PRODUCT_NAME = "$(TARGET_NAME)";
				TEST_HOST = "$(BUILT_PRODUCTS_DIR)/SMARTRecovery.app/SMARTRecovery";
			};
			name = Debug;
		};
		B26BE5D41AC114C3001ABA41 /* Release */ = {
			isa = XCBuildConfiguration;
			buildSettings = {
				BUNDLE_LOADER = "$(TEST_HOST)";
				FRAMEWORK_SEARCH_PATHS = (
					"$(SDKROOT)/Developer/Library/Frameworks",
					"$(inherited)",
				);
				INFOPLIST_FILE = SMARTRecoveryTests/Info.plist;
				LD_RUNPATH_SEARCH_PATHS = "$(inherited) @executable_path/Frameworks @loader_path/Frameworks";
				PRODUCT_NAME = "$(TARGET_NAME)";
				TEST_HOST = "$(BUILT_PRODUCTS_DIR)/SMARTRecovery.app/SMARTRecovery";
			};
			name = Release;
		};
/* End XCBuildConfiguration section */

/* Begin XCConfigurationList section */
		B26BE5A71AC114C2001ABA41 /* Build configuration list for PBXProject "SMARTRecovery" */ = {
			isa = XCConfigurationList;
			buildConfigurations = (
				B26BE5CD1AC114C3001ABA41 /* Debug */,
				B26BE5CE1AC114C3001ABA41 /* Release */,
			);
			defaultConfigurationIsVisible = 0;
			defaultConfigurationName = Release;
		};
		B26BE5CF1AC114C3001ABA41 /* Build configuration list for PBXNativeTarget "SMARTRecovery" */ = {
			isa = XCConfigurationList;
			buildConfigurations = (
				B26BE5D01AC114C3001ABA41 /* Debug */,
				B26BE5D11AC114C3001ABA41 /* Release */,
			);
			defaultConfigurationIsVisible = 0;
			defaultConfigurationName = Release;
		};
		B26BE5D21AC114C3001ABA41 /* Build configuration list for PBXNativeTarget "SMARTRecoveryTests" */ = {
			isa = XCConfigurationList;
			buildConfigurations = (
				B26BE5D31AC114C3001ABA41 /* Debug */,
				B26BE5D41AC114C3001ABA41 /* Release */,
			);
			defaultConfigurationIsVisible = 0;
			defaultConfigurationName = Release;
		};
/* End XCConfigurationList section */

/* Begin XCVersionGroup section */
		B26BE5D51AC121EF001ABA41 /* Model.xcdatamodeld */ = {
			isa = XCVersionGroup;
			children = (
				B26BE5D61AC121EF001ABA41 /* Model.xcdatamodel */,
			);
			currentVersion = B26BE5D61AC121EF001ABA41 /* Model.xcdatamodel */;
			path = Model.xcdatamodeld;
			sourceTree = "<group>";
			versionGroupType = wrapper.xcdatamodel;
		};
/* End XCVersionGroup section */
	};
	rootObject = B26BE5A41AC114C2001ABA41 /* Project object */;
}
